
Microsoft Visual Studio Solution File, Format Version 12.00
# Visual Studio Version 17
VisualStudioVersion = 17.2.32616.157
MinimumVisualStudioVersion = 10.0.40219.1
Project("{FAE04EC0-301F-11D3-BF4B-00C04F79EFBC}") = "ABC_BL", "ABC_BL\ABC_BL.csproj", "{B428702B-1E2D-4091-A5C3-1ECC131FF10F}"
EndProject
Project("{2150E333-8FDC-42A3-9474-1A3956D46DE8}") = "Testy", "Testy", "{9EA6ABCB-0CA5-4BAA-B5B9-F22219871CE8}"
EndProject
Project("{FAE04EC0-301F-11D3-BF4B-00C04F79EFBC}") = "ABC.BLTest", "ABC.BLTest\ABC.BLTest.csproj", "{7B1192C2-D21E-400D-A42C-99A6C8DEF049}"
EndProject
Global
	GlobalSection(SolutionConfigurationPlatforms) = preSolution
		Debug|Any CPU = Debug|Any CPU
		Release|Any CPU = Release|Any CPU
	EndGlobalSection
	GlobalSection(ProjectConfigurationPlatforms) = postSolution
		{B428702B-1E2D-4091-A5C3-1ECC131FF10F}.Debug|Any CPU.ActiveCfg = Debug|Any CPU
		{B428702B-1E2D-4091-A5C3-1ECC131FF10F}.Debug|Any CPU.Build.0 = Debug|Any CPU
		{B428702B-1E2D-4091-A5C3-1ECC131FF10F}.Release|Any CPU.ActiveCfg = Release|Any CPU
		{B428702B-1E2D-4091-A5C3-1ECC131FF10F}.Release|Any CPU.Build.0 = Release|Any CPU
		{7B1192C2-D21E-400D-A42C-99A6C8DEF049}.Debug|Any CPU.ActiveCfg = Debug|Any CPU
		{7B1192C2-D21E-400D-A42C-99A6C8DEF049}.Debug|Any CPU.Build.0 = Debug|Any CPU
		{7B1192C2-D21E-400D-A42C-99A6C8DEF049}.Release|Any CPU.ActiveCfg = Release|Any CPU
		{7B1192C2-D21E-400D-A42C-99A6C8DEF049}.Release|Any CPU.Build.0 = Release|Any CPU
	EndGlobalSection
	GlobalSection(SolutionProperties) = preSolution
		HideSolutionNode = FALSE
	EndGlobalSection
	GlobalSection(NestedProjects) = preSolution
		{7B1192C2-D21E-400D-A42C-99A6C8DEF049} = {9EA6ABCB-0CA5-4BAA-B5B9-F22219871CE8}
	EndGlobalSection
	GlobalSection(ExtensibilityGlobals) = postSolution
		SolutionGuid = {B2A6677B-0333-4B50-A3D4-5EB25F6C0381}
	EndGlobalSection
EndGlobal
